// !$*UTF8*$!
{
	archiveVersion = 1;
	classes = {
	};
	objectVersion = 46;
	objects = {

/* Begin PBXBuildFile section */
		2100088D31407537E1A65B92 /* Pods_Pluto.framework in Frameworks */ = {isa = PBXBuildFile; fileRef = CCF763C933929A81A4EAE6C5 /* Pods_Pluto.framework */; };
		5B0D1BE11C776D8700A51457 /* PostAGameViewController.swift in Sources */ = {isa = PBXBuildFile; fileRef = 5B0D1BE01C776D8700A51457 /* PostAGameViewController.swift */; };
		5B0D1BE31C77733300A51457 /* ViewNearbyGamesViewController.swift in Sources */ = {isa = PBXBuildFile; fileRef = 5B0D1BE21C77733300A51457 /* ViewNearbyGamesViewController.swift */; };
		5B0FE5C01C571CDF00872AFA /* PlaceMarker.swift in Sources */ = {isa = PBXBuildFile; fileRef = 5B0FE5BF1C571CDF00872AFA /* PlaceMarker.swift */; };
		5B0FE5C41C5721EE00872AFA /* GameDataProvider.swift in Sources */ = {isa = PBXBuildFile; fileRef = 5B0FE5C31C5721EE00872AFA /* GameDataProvider.swift */; };
		5B2185A91C585B78009D4A25 /* SettingsViewController.swift in Sources */ = {isa = PBXBuildFile; fileRef = 5B2185A81C585B78009D4A25 /* SettingsViewController.swift */; };
		5B2185AB1C58613B009D4A25 /* LegalViewController.swift in Sources */ = {isa = PBXBuildFile; fileRef = 5B2185AA1C58613B009D4A25 /* LegalViewController.swift */; };
		5B2185B11C5BE960009D4A25 /* ProfileViewController.swift in Sources */ = {isa = PBXBuildFile; fileRef = 5B2185B01C5BE960009D4A25 /* ProfileViewController.swift */; };
		5B2185B41C5BEC5B009D4A25 /* User.swift in Sources */ = {isa = PBXBuildFile; fileRef = 5B2185B31C5BEC5B009D4A25 /* User.swift */; };
		5B2185B61C5BEF46009D4A25 /* Sport.swift in Sources */ = {isa = PBXBuildFile; fileRef = 5B2185B51C5BEF46009D4A25 /* Sport.swift */; };
		5B2185B81C5BFB22009D4A25 /* Team.swift in Sources */ = {isa = PBXBuildFile; fileRef = 5B2185B71C5BFB22009D4A25 /* Team.swift */; };
		5B2185BA1C5BFB2D009D4A25 /* Squad.swift in Sources */ = {isa = PBXBuildFile; fileRef = 5B2185B91C5BFB2D009D4A25 /* Squad.swift */; };
		5B21B5701C6AC5C70015F601 /* CreateAGameModel.swift in Sources */ = {isa = PBXBuildFile; fileRef = 5B21B56F1C6AC5C70015F601 /* CreateAGameModel.swift */; };
		5B21B5721C6AD4750015F601 /* LoginModel.swift in Sources */ = {isa = PBXBuildFile; fileRef = 5B21B5711C6AD4750015F601 /* LoginModel.swift */; };
		5B5E51971C5C018E00E21FB3 /* Record.swift in Sources */ = {isa = PBXBuildFile; fileRef = 5B5E51961C5C018E00E21FB3 /* Record.swift */; };
		5B5E519B1C5C06CB00E21FB3 /* SquadsTableViewController.swift in Sources */ = {isa = PBXBuildFile; fileRef = 5B5E519A1C5C06CB00E21FB3 /* SquadsTableViewController.swift */; };
		5B5E519F1C5C0EC700E21FB3 /* UserActions.swift in Sources */ = {isa = PBXBuildFile; fileRef = 5B5E519E1C5C0EC700E21FB3 /* UserActions.swift */; };
		5B5F607A1C456CAF008E85A0 /* UIViewControllerExtension.swift in Sources */ = {isa = PBXBuildFile; fileRef = 5B5F60791C456CAF008E85A0 /* UIViewControllerExtension.swift */; };
		5B5F60801C457705008E85A0 /* AlertControllerFunctions.swift in Sources */ = {isa = PBXBuildFile; fileRef = 5B5F607F1C457705008E85A0 /* AlertControllerFunctions.swift */; };
		5B900D711C273B1F003EB582 /* AppDelegate.swift in Sources */ = {isa = PBXBuildFile; fileRef = 5B900D701C273B1F003EB582 /* AppDelegate.swift */; };
		5B900D761C273B1F003EB582 /* Main.storyboard in Resources */ = {isa = PBXBuildFile; fileRef = 5B900D741C273B1F003EB582 /* Main.storyboard */; };
		5B900D781C273B1F003EB582 /* Assets.xcassets in Resources */ = {isa = PBXBuildFile; fileRef = 5B900D771C273B1F003EB582 /* Assets.xcassets */; };
		5B900D7B1C273B1F003EB582 /* LaunchScreen.storyboard in Resources */ = {isa = PBXBuildFile; fileRef = 5B900D791C273B1F003EB582 /* LaunchScreen.storyboard */; };
		5B900D861C273B1F003EB582 /* PlutoTests.swift in Sources */ = {isa = PBXBuildFile; fileRef = 5B900D851C273B1F003EB582 /* PlutoTests.swift */; };
		5B900D911C273B1F003EB582 /* PlutoUITests.swift in Sources */ = {isa = PBXBuildFile; fileRef = 5B900D901C273B1F003EB582 /* PlutoUITests.swift */; };
		5B900DA21C27480A003EB582 /* HomeViewController.swift in Sources */ = {isa = PBXBuildFile; fileRef = 5B900DA11C27480A003EB582 /* HomeViewController.swift */; };
		5B96B0251C78C57E000F099F /* GameViewController.swift in Sources */ = {isa = PBXBuildFile; fileRef = 5B96B0241C78C57E000F099F /* GameViewController.swift */; };
		5BD5467F1C729C49001F4AF7 /* PlacesModel.swift in Sources */ = {isa = PBXBuildFile; fileRef = 5BD5467E1C729C49001F4AF7 /* PlacesModel.swift */; };
		5BDEE7411C5727A20064405B /* Game.swift in Sources */ = {isa = PBXBuildFile; fileRef = 5BDEE7401C5727A20064405B /* Game.swift */; };
/* End PBXBuildFile section */

/* Begin PBXContainerItemProxy section */
		5B900D821C273B1F003EB582 /* PBXContainerItemProxy */ = {
			isa = PBXContainerItemProxy;
			containerPortal = 5B900D651C273B1F003EB582 /* Project object */;
			proxyType = 1;
			remoteGlobalIDString = 5B900D6C1C273B1F003EB582;
			remoteInfo = Pluto;
		};
		5B900D8D1C273B1F003EB582 /* PBXContainerItemProxy */ = {
			isa = PBXContainerItemProxy;
			containerPortal = 5B900D651C273B1F003EB582 /* Project object */;
			proxyType = 1;
			remoteGlobalIDString = 5B900D6C1C273B1F003EB582;
			remoteInfo = Pluto;
		};
/* End PBXContainerItemProxy section */

/* Begin PBXFileReference section */
		0150F97F62946A589B4EF427 /* Pods-Pluto.release.xcconfig */ = {isa = PBXFileReference; includeInIndex = 1; lastKnownFileType = text.xcconfig; name = "Pods-Pluto.release.xcconfig"; path = "Pods/Target Support Files/Pods-Pluto/Pods-Pluto.release.xcconfig"; sourceTree = "<group>"; };
		4FB7BB7DE1A3A02F6A168985 /* Pods-Pluto.debug.xcconfig */ = {isa = PBXFileReference; includeInIndex = 1; lastKnownFileType = text.xcconfig; name = "Pods-Pluto.debug.xcconfig"; path = "Pods/Target Support Files/Pods-Pluto/Pods-Pluto.debug.xcconfig"; sourceTree = "<group>"; };
		5B0D1BE01C776D8700A51457 /* PostAGameViewController.swift */ = {isa = PBXFileReference; fileEncoding = 4; lastKnownFileType = sourcecode.swift; path = PostAGameViewController.swift; sourceTree = "<group>"; };
		5B0D1BE21C77733300A51457 /* ViewNearbyGamesViewController.swift */ = {isa = PBXFileReference; fileEncoding = 4; lastKnownFileType = sourcecode.swift; path = ViewNearbyGamesViewController.swift; sourceTree = "<group>"; };
		5B0FE5BF1C571CDF00872AFA /* PlaceMarker.swift */ = {isa = PBXFileReference; fileEncoding = 4; lastKnownFileType = sourcecode.swift; path = PlaceMarker.swift; sourceTree = "<group>"; };
		5B0FE5C31C5721EE00872AFA /* GameDataProvider.swift */ = {isa = PBXFileReference; fileEncoding = 4; lastKnownFileType = sourcecode.swift; path = GameDataProvider.swift; sourceTree = "<group>"; };
		5B2185A81C585B78009D4A25 /* SettingsViewController.swift */ = {isa = PBXFileReference; fileEncoding = 4; lastKnownFileType = sourcecode.swift; path = SettingsViewController.swift; sourceTree = "<group>"; };
		5B2185AA1C58613B009D4A25 /* LegalViewController.swift */ = {isa = PBXFileReference; fileEncoding = 4; lastKnownFileType = sourcecode.swift; path = LegalViewController.swift; sourceTree = "<group>"; };
		5B2185B01C5BE960009D4A25 /* ProfileViewController.swift */ = {isa = PBXFileReference; fileEncoding = 4; lastKnownFileType = sourcecode.swift; path = ProfileViewController.swift; sourceTree = "<group>"; };
		5B2185B31C5BEC5B009D4A25 /* User.swift */ = {isa = PBXFileReference; fileEncoding = 4; lastKnownFileType = sourcecode.swift; path = User.swift; sourceTree = "<group>"; };
		5B2185B51C5BEF46009D4A25 /* Sport.swift */ = {isa = PBXFileReference; fileEncoding = 4; lastKnownFileType = sourcecode.swift; path = Sport.swift; sourceTree = "<group>"; };
		5B2185B71C5BFB22009D4A25 /* Team.swift */ = {isa = PBXFileReference; fileEncoding = 4; lastKnownFileType = sourcecode.swift; path = Team.swift; sourceTree = "<group>"; };
		5B2185B91C5BFB2D009D4A25 /* Squad.swift */ = {isa = PBXFileReference; fileEncoding = 4; lastKnownFileType = sourcecode.swift; path = Squad.swift; sourceTree = "<group>"; };
		5B21B56F1C6AC5C70015F601 /* CreateAGameModel.swift */ = {isa = PBXFileReference; fileEncoding = 4; lastKnownFileType = sourcecode.swift; path = CreateAGameModel.swift; sourceTree = "<group>"; };
		5B21B5711C6AD4750015F601 /* LoginModel.swift */ = {isa = PBXFileReference; fileEncoding = 4; lastKnownFileType = sourcecode.swift; path = LoginModel.swift; sourceTree = "<group>"; };
		5B5E51961C5C018E00E21FB3 /* Record.swift */ = {isa = PBXFileReference; fileEncoding = 4; lastKnownFileType = sourcecode.swift; path = Record.swift; sourceTree = "<group>"; };
		5B5E519A1C5C06CB00E21FB3 /* SquadsTableViewController.swift */ = {isa = PBXFileReference; fileEncoding = 4; lastKnownFileType = sourcecode.swift; path = SquadsTableViewController.swift; sourceTree = "<group>"; };
		5B5E519E1C5C0EC700E21FB3 /* UserActions.swift */ = {isa = PBXFileReference; fileEncoding = 4; lastKnownFileType = sourcecode.swift; path = UserActions.swift; sourceTree = "<group>"; };
		5B5F60791C456CAF008E85A0 /* UIViewControllerExtension.swift */ = {isa = PBXFileReference; fileEncoding = 4; lastKnownFileType = sourcecode.swift; path = UIViewControllerExtension.swift; sourceTree = "<group>"; };
		5B5F607F1C457705008E85A0 /* AlertControllerFunctions.swift */ = {isa = PBXFileReference; fileEncoding = 4; lastKnownFileType = sourcecode.swift; path = AlertControllerFunctions.swift; sourceTree = "<group>"; };
		5B5F608D1C56E96A008E85A0 /* Pluto-Bridging-Header.h */ = {isa = PBXFileReference; lastKnownFileType = sourcecode.c.h; path = "Pluto-Bridging-Header.h"; sourceTree = "<group>"; };
		5B900D6D1C273B1F003EB582 /* Pluto.app */ = {isa = PBXFileReference; explicitFileType = wrapper.application; includeInIndex = 0; path = Pluto.app; sourceTree = BUILT_PRODUCTS_DIR; };
		5B900D701C273B1F003EB582 /* AppDelegate.swift */ = {isa = PBXFileReference; lastKnownFileType = sourcecode.swift; path = AppDelegate.swift; sourceTree = "<group>"; };
		5B900D751C273B1F003EB582 /* Base */ = {isa = PBXFileReference; lastKnownFileType = file.storyboard; name = Base; path = Base.lproj/Main.storyboard; sourceTree = "<group>"; };
		5B900D771C273B1F003EB582 /* Assets.xcassets */ = {isa = PBXFileReference; lastKnownFileType = folder.assetcatalog; path = Assets.xcassets; sourceTree = "<group>"; };
		5B900D7A1C273B1F003EB582 /* Base */ = {isa = PBXFileReference; lastKnownFileType = file.storyboard; name = Base; path = Base.lproj/LaunchScreen.storyboard; sourceTree = "<group>"; };
		5B900D7C1C273B1F003EB582 /* Info.plist */ = {isa = PBXFileReference; lastKnownFileType = text.plist.xml; path = Info.plist; sourceTree = "<group>"; };
		5B900D811C273B1F003EB582 /* PlutoTests.xctest */ = {isa = PBXFileReference; explicitFileType = wrapper.cfbundle; includeInIndex = 0; path = PlutoTests.xctest; sourceTree = BUILT_PRODUCTS_DIR; };
		5B900D851C273B1F003EB582 /* PlutoTests.swift */ = {isa = PBXFileReference; lastKnownFileType = sourcecode.swift; path = PlutoTests.swift; sourceTree = "<group>"; };
		5B900D871C273B1F003EB582 /* Info.plist */ = {isa = PBXFileReference; lastKnownFileType = text.plist.xml; path = Info.plist; sourceTree = "<group>"; };
		5B900D8C1C273B1F003EB582 /* PlutoUITests.xctest */ = {isa = PBXFileReference; explicitFileType = wrapper.cfbundle; includeInIndex = 0; path = PlutoUITests.xctest; sourceTree = BUILT_PRODUCTS_DIR; };
		5B900D901C273B1F003EB582 /* PlutoUITests.swift */ = {isa = PBXFileReference; lastKnownFileType = sourcecode.swift; path = PlutoUITests.swift; sourceTree = "<group>"; };
		5B900D921C273B1F003EB582 /* Info.plist */ = {isa = PBXFileReference; lastKnownFileType = text.plist.xml; path = Info.plist; sourceTree = "<group>"; };
		5B900DA11C27480A003EB582 /* HomeViewController.swift */ = {isa = PBXFileReference; fileEncoding = 4; lastKnownFileType = sourcecode.swift; path = HomeViewController.swift; sourceTree = "<group>"; };
		5B96B0241C78C57E000F099F /* GameViewController.swift */ = {isa = PBXFileReference; fileEncoding = 4; lastKnownFileType = sourcecode.swift; path = GameViewController.swift; sourceTree = "<group>"; };
		5BD5467E1C729C49001F4AF7 /* PlacesModel.swift */ = {isa = PBXFileReference; fileEncoding = 4; lastKnownFileType = sourcecode.swift; path = PlacesModel.swift; sourceTree = "<group>"; };
		5BDEE7401C5727A20064405B /* Game.swift */ = {isa = PBXFileReference; fileEncoding = 4; lastKnownFileType = sourcecode.swift; path = Game.swift; sourceTree = "<group>"; };
		CCF763C933929A81A4EAE6C5 /* Pods_Pluto.framework */ = {isa = PBXFileReference; explicitFileType = wrapper.framework; includeInIndex = 0; path = Pods_Pluto.framework; sourceTree = BUILT_PRODUCTS_DIR; };
/* End PBXFileReference section */

/* Begin PBXFrameworksBuildPhase section */
		5B900D6A1C273B1F003EB582 /* Frameworks */ = {
			isa = PBXFrameworksBuildPhase;
			buildActionMask = 2147483647;
			files = (
				2100088D31407537E1A65B92 /* Pods_Pluto.framework in Frameworks */,
			);
			runOnlyForDeploymentPostprocessing = 0;
		};
		5B900D7E1C273B1F003EB582 /* Frameworks */ = {
			isa = PBXFrameworksBuildPhase;
			buildActionMask = 2147483647;
			files = (
			);
			runOnlyForDeploymentPostprocessing = 0;
		};
		5B900D891C273B1F003EB582 /* Frameworks */ = {
			isa = PBXFrameworksBuildPhase;
			buildActionMask = 2147483647;
			files = (
			);
			runOnlyForDeploymentPostprocessing = 0;
		};
/* End PBXFrameworksBuildPhase section */

/* Begin PBXGroup section */
		47A7229B0F53D5D42550AF4F /* Frameworks */ = {
			isa = PBXGroup;
			children = (
				CCF763C933929A81A4EAE6C5 /* Pods_Pluto.framework */,
			);
			name = Frameworks;
			sourceTree = "<group>";
		};
		5B2185AC1C5BE848009D4A25 /* Custom Objects */ = {
			isa = PBXGroup;
			children = (
				5BDEE7401C5727A20064405B /* Game.swift */,
				5B2185B31C5BEC5B009D4A25 /* User.swift */,
				5B2185B51C5BEF46009D4A25 /* Sport.swift */,
				5B2185B71C5BFB22009D4A25 /* Team.swift */,
				5B2185B91C5BFB2D009D4A25 /* Squad.swift */,
				5B5E51961C5C018E00E21FB3 /* Record.swift */,
			);
			name = "Custom Objects";
			sourceTree = "<group>";
		};
		5B2185AD1C5BE880009D4A25 /* Global */ = {
			isa = PBXGroup;
			children = (
				5B5F607F1C457705008E85A0 /* AlertControllerFunctions.swift */,
				5B5F60791C456CAF008E85A0 /* UIViewControllerExtension.swift */,
				5B5E519E1C5C0EC700E21FB3 /* UserActions.swift */,
			);
			name = Global;
			sourceTree = "<group>";
		};
		5B2185AF1C5BE913009D4A25 /* HomeTab */ = {
			isa = PBXGroup;
			children = (
				5B900DA11C27480A003EB582 /* HomeViewController.swift */,
				5B0D1BE21C77733300A51457 /* ViewNearbyGamesViewController.swift */,
				5B0D1BE01C776D8700A51457 /* PostAGameViewController.swift */,
				5B96B0241C78C57E000F099F /* GameViewController.swift */,
			);
			name = HomeTab;
			sourceTree = "<group>";
		};
		5B2185B21C5BE964009D4A25 /* ProfileTab */ = {
			isa = PBXGroup;
			children = (
				5B2185B01C5BE960009D4A25 /* ProfileViewController.swift */,
			);
			name = ProfileTab;
			sourceTree = "<group>";
		};
		5B5E519C1C5C06D100E21FB3 /* SquadsTab */ = {
			isa = PBXGroup;
			children = (
				5B5E519A1C5C06CB00E21FB3 /* SquadsTableViewController.swift */,
			);
			name = SquadsTab;
			sourceTree = "<group>";
		};
		5B5E519D1C5C0B4E00E21FB3 /* Google Maps */ = {
			isa = PBXGroup;
			children = (
				5B0FE5BF1C571CDF00872AFA /* PlaceMarker.swift */,
			);
			name = "Google Maps";
			sourceTree = "<group>";
		};
		5B5F60881C49D164008E85A0 /* Settings */ = {
			isa = PBXGroup;
			children = (
				5B2185A81C585B78009D4A25 /* SettingsViewController.swift */,
				5B2185AA1C58613B009D4A25 /* LegalViewController.swift */,
			);
			name = Settings;
			sourceTree = "<group>";
		};
		5B900D641C273B1F003EB582 = {
			isa = PBXGroup;
			children = (
				5B900D6F1C273B1F003EB582 /* Pluto */,
				5B900D841C273B1F003EB582 /* PlutoTests */,
				5B900D8F1C273B1F003EB582 /* PlutoUITests */,
				5B900D6E1C273B1F003EB582 /* Products */,
				7B384FA8998F98E63285698B /* Pods */,
				47A7229B0F53D5D42550AF4F /* Frameworks */,
			);
			sourceTree = "<group>";
		};
		5B900D6E1C273B1F003EB582 /* Products */ = {
			isa = PBXGroup;
			children = (
				5B900D6D1C273B1F003EB582 /* Pluto.app */,
				5B900D811C273B1F003EB582 /* PlutoTests.xctest */,
				5B900D8C1C273B1F003EB582 /* PlutoUITests.xctest */,
			);
			name = Products;
			sourceTree = "<group>";
		};
		5B900D6F1C273B1F003EB582 /* Pluto */ = {
			isa = PBXGroup;
			children = (
				5B900D741C273B1F003EB582 /* Main.storyboard */,
				5B900D701C273B1F003EB582 /* AppDelegate.swift */,
				5B5E519D1C5C0B4E00E21FB3 /* Google Maps */,
				5B96B0261C78DF72000F099F /* Models */,
				5B96B0271C78DF8B000F099F /* Data Providers */,
				5B2185AC1C5BE848009D4A25 /* Custom Objects */,
				5B2185AD1C5BE880009D4A25 /* Global */,
				5B5F60881C49D164008E85A0 /* Settings */,
				5B2185AF1C5BE913009D4A25 /* HomeTab */,
				5B2185B21C5BE964009D4A25 /* ProfileTab */,
				5B5E519C1C5C06D100E21FB3 /* SquadsTab */,
				5B900D771C273B1F003EB582 /* Assets.xcassets */,
				5B900D791C273B1F003EB582 /* LaunchScreen.storyboard */,
				5B900D7C1C273B1F003EB582 /* Info.plist */,
				5B5F608D1C56E96A008E85A0 /* Pluto-Bridging-Header.h */,
			);
			path = Pluto;
			sourceTree = "<group>";
		};
		5B900D841C273B1F003EB582 /* PlutoTests */ = {
			isa = PBXGroup;
			children = (
				5B900D851C273B1F003EB582 /* PlutoTests.swift */,
				5B900D871C273B1F003EB582 /* Info.plist */,
			);
			path = PlutoTests;
			sourceTree = "<group>";
		};
		5B900D8F1C273B1F003EB582 /* PlutoUITests */ = {
			isa = PBXGroup;
			children = (
				5B900D901C273B1F003EB582 /* PlutoUITests.swift */,
				5B900D921C273B1F003EB582 /* Info.plist */,
			);
			path = PlutoUITests;
			sourceTree = "<group>";
		};
		5B96B0261C78DF72000F099F /* Models */ = {
			isa = PBXGroup;
			children = (
				5B21B5711C6AD4750015F601 /* LoginModel.swift */,
				5BD5467E1C729C49001F4AF7 /* PlacesModel.swift */,
				5B21B56F1C6AC5C70015F601 /* CreateAGameModel.swift */,
			);
			name = Models;
			sourceTree = "<group>";
		};
		5B96B0271C78DF8B000F099F /* Data Providers */ = {
			isa = PBXGroup;
			children = (
				5B0FE5C31C5721EE00872AFA /* GameDataProvider.swift */,
			);
			name = "Data Providers";
			sourceTree = "<group>";
		};
		7B384FA8998F98E63285698B /* Pods */ = {
			isa = PBXGroup;
			children = (
				4FB7BB7DE1A3A02F6A168985 /* Pods-Pluto.debug.xcconfig */,
				0150F97F62946A589B4EF427 /* Pods-Pluto.release.xcconfig */,
			);
			name = Pods;
			sourceTree = "<group>";
		};
/* End PBXGroup section */

/* Begin PBXNativeTarget section */
		5B900D6C1C273B1F003EB582 /* Pluto */ = {
			isa = PBXNativeTarget;
			buildConfigurationList = 5B900D951C273B1F003EB582 /* Build configuration list for PBXNativeTarget "Pluto" */;
			buildPhases = (
				0DB0B10BD19D639747C5CAE1 /* Check Pods Manifest.lock */,
				5B900D691C273B1F003EB582 /* Sources */,
				5B900D6A1C273B1F003EB582 /* Frameworks */,
				5B900D6B1C273B1F003EB582 /* Resources */,
				4F6B4B116AD5C7CEEACED5A4 /* Embed Pods Frameworks */,
				2F844AC6DD1CA156237194EE /* Copy Pods Resources */,
			);
			buildRules = (
			);
			dependencies = (
			);
			name = Pluto;
			productName = Pluto;
			productReference = 5B900D6D1C273B1F003EB582 /* Pluto.app */;
			productType = "com.apple.product-type.application";
		};
		5B900D801C273B1F003EB582 /* PlutoTests */ = {
			isa = PBXNativeTarget;
			buildConfigurationList = 5B900D981C273B1F003EB582 /* Build configuration list for PBXNativeTarget "PlutoTests" */;
			buildPhases = (
				5B900D7D1C273B1F003EB582 /* Sources */,
				5B900D7E1C273B1F003EB582 /* Frameworks */,
				5B900D7F1C273B1F003EB582 /* Resources */,
			);
			buildRules = (
			);
			dependencies = (
				5B900D831C273B1F003EB582 /* PBXTargetDependency */,
			);
			name = PlutoTests;
			productName = PlutoTests;
			productReference = 5B900D811C273B1F003EB582 /* PlutoTests.xctest */;
			productType = "com.apple.product-type.bundle.unit-test";
		};
		5B900D8B1C273B1F003EB582 /* PlutoUITests */ = {
			isa = PBXNativeTarget;
			buildConfigurationList = 5B900D9B1C273B1F003EB582 /* Build configuration list for PBXNativeTarget "PlutoUITests" */;
			buildPhases = (
				5B900D881C273B1F003EB582 /* Sources */,
				5B900D891C273B1F003EB582 /* Frameworks */,
				5B900D8A1C273B1F003EB582 /* Resources */,
			);
			buildRules = (
			);
			dependencies = (
				5B900D8E1C273B1F003EB582 /* PBXTargetDependency */,
			);
			name = PlutoUITests;
			productName = PlutoUITests;
			productReference = 5B900D8C1C273B1F003EB582 /* PlutoUITests.xctest */;
			productType = "com.apple.product-type.bundle.ui-testing";
		};
/* End PBXNativeTarget section */

/* Begin PBXProject section */
		5B900D651C273B1F003EB582 /* Project object */ = {
			isa = PBXProject;
			attributes = {
				LastSwiftUpdateCheck = 0720;
				LastUpgradeCheck = 0710;
				ORGANIZATIONNAME = "John Tunisi";
				TargetAttributes = {
					5B900D6C1C273B1F003EB582 = {
						CreatedOnToolsVersion = 7.1.1;
						DevelopmentTeam = S9K7ZK32R7;
					};
					5B900D801C273B1F003EB582 = {
						CreatedOnToolsVersion = 7.1.1;
						DevelopmentTeam = S9K7ZK32R7;
						TestTargetID = 5B900D6C1C273B1F003EB582;
					};
					5B900D8B1C273B1F003EB582 = {
						CreatedOnToolsVersion = 7.1.1;
						DevelopmentTeam = S9K7ZK32R7;
						TestTargetID = 5B900D6C1C273B1F003EB582;
					};
				};
			};
			buildConfigurationList = 5B900D681C273B1F003EB582 /* Build configuration list for PBXProject "Pluto" */;
			compatibilityVersion = "Xcode 3.2";
			developmentRegion = English;
			hasScannedForEncodings = 0;
			knownRegions = (
				en,
				Base,
			);
			mainGroup = 5B900D641C273B1F003EB582;
			productRefGroup = 5B900D6E1C273B1F003EB582 /* Products */;
			projectDirPath = "";
			projectRoot = "";
			targets = (
				5B900D6C1C273B1F003EB582 /* Pluto */,
				5B900D801C273B1F003EB582 /* PlutoTests */,
				5B900D8B1C273B1F003EB582 /* PlutoUITests */,
			);
		};
/* End PBXProject section */

/* Begin PBXResourcesBuildPhase section */
		5B900D6B1C273B1F003EB582 /* Resources */ = {
			isa = PBXResourcesBuildPhase;
			buildActionMask = 2147483647;
			files = (
				5B900D7B1C273B1F003EB582 /* LaunchScreen.storyboard in Resources */,
				5B900D781C273B1F003EB582 /* Assets.xcassets in Resources */,
				5B900D761C273B1F003EB582 /* Main.storyboard in Resources */,
			);
			runOnlyForDeploymentPostprocessing = 0;
		};
		5B900D7F1C273B1F003EB582 /* Resources */ = {
			isa = PBXResourcesBuildPhase;
			buildActionMask = 2147483647;
			files = (
			);
			runOnlyForDeploymentPostprocessing = 0;
		};
		5B900D8A1C273B1F003EB582 /* Resources */ = {
			isa = PBXResourcesBuildPhase;
			buildActionMask = 2147483647;
			files = (
			);
			runOnlyForDeploymentPostprocessing = 0;
		};
/* End PBXResourcesBuildPhase section */

/* Begin PBXShellScriptBuildPhase section */
		0DB0B10BD19D639747C5CAE1 /* Check Pods Manifest.lock */ = {
			isa = PBXShellScriptBuildPhase;
			buildActionMask = 2147483647;
			files = (
			);
			inputPaths = (
			);
			name = "Check Pods Manifest.lock";
			outputPaths = (
			);
			runOnlyForDeploymentPostprocessing = 0;
			shellPath = /bin/sh;
			shellScript = "diff \"${PODS_ROOT}/../Podfile.lock\" \"${PODS_ROOT}/Manifest.lock\" > /dev/null\nif [[ $? != 0 ]] ; then\n    cat << EOM\nerror: The sandbox is not in sync with the Podfile.lock. Run 'pod install' or update your CocoaPods installation.\nEOM\n    exit 1\nfi\n";
			showEnvVarsInLog = 0;
		};
		2F844AC6DD1CA156237194EE /* Copy Pods Resources */ = {
			isa = PBXShellScriptBuildPhase;
			buildActionMask = 2147483647;
			files = (
			);
			inputPaths = (
			);
			name = "Copy Pods Resources";
			outputPaths = (
			);
			runOnlyForDeploymentPostprocessing = 0;
			shellPath = /bin/sh;
			shellScript = "\"${SRCROOT}/Pods/Target Support Files/Pods-Pluto/Pods-Pluto-resources.sh\"\n";
			showEnvVarsInLog = 0;
		};
		4F6B4B116AD5C7CEEACED5A4 /* Embed Pods Frameworks */ = {
			isa = PBXShellScriptBuildPhase;
			buildActionMask = 2147483647;
			files = (
			);
			inputPaths = (
			);
			name = "Embed Pods Frameworks";
			outputPaths = (
			);
			runOnlyForDeploymentPostprocessing = 0;
			shellPath = /bin/sh;
			shellScript = "\"${SRCROOT}/Pods/Target Support Files/Pods-Pluto/Pods-Pluto-frameworks.sh\"\n";
			showEnvVarsInLog = 0;
		};
/* End PBXShellScriptBuildPhase section */

/* Begin PBXSourcesBuildPhase section */
		5B900D691C273B1F003EB582 /* Sources */ = {
			isa = PBXSourcesBuildPhase;
			buildActionMask = 2147483647;
			files = (
				5B2185B41C5BEC5B009D4A25 /* User.swift in Sources */,
				5B2185BA1C5BFB2D009D4A25 /* Squad.swift in Sources */,
				5BDEE7411C5727A20064405B /* Game.swift in Sources */,
				5B21B5721C6AD4750015F601 /* LoginModel.swift in Sources */,
				5B96B0251C78C57E000F099F /* GameViewController.swift in Sources */,
				5B900D711C273B1F003EB582 /* AppDelegate.swift in Sources */,
				5B2185B11C5BE960009D4A25 /* ProfileViewController.swift in Sources */,
				5B5E519B1C5C06CB00E21FB3 /* SquadsTableViewController.swift in Sources */,
				5B2185AB1C58613B009D4A25 /* LegalViewController.swift in Sources */,
				5B0D1BE11C776D8700A51457 /* PostAGameViewController.swift in Sources */,
				5B2185B61C5BEF46009D4A25 /* Sport.swift in Sources */,
				5B5F607A1C456CAF008E85A0 /* UIViewControllerExtension.swift in Sources */,
				5B5E519F1C5C0EC700E21FB3 /* UserActions.swift in Sources */,
				5B0FE5C01C571CDF00872AFA /* PlaceMarker.swift in Sources */,
				5BD5467F1C729C49001F4AF7 /* PlacesModel.swift in Sources */,
				5B0FE5C41C5721EE00872AFA /* GameDataProvider.swift in Sources */,
				5B5E51971C5C018E00E21FB3 /* Record.swift in Sources */,
				5B2185A91C585B78009D4A25 /* SettingsViewController.swift in Sources */,
				5B900DA21C27480A003EB582 /* HomeViewController.swift in Sources */,
				5B21B5701C6AC5C70015F601 /* CreateAGameModel.swift in Sources */,
				5B2185B81C5BFB22009D4A25 /* Team.swift in Sources */,
				5B0D1BE31C77733300A51457 /* ViewNearbyGamesViewController.swift in Sources */,
				5B5F60801C457705008E85A0 /* AlertControllerFunctions.swift in Sources */,
			);
			runOnlyForDeploymentPostprocessing = 0;
		};
		5B900D7D1C273B1F003EB582 /* Sources */ = {
			isa = PBXSourcesBuildPhase;
			buildActionMask = 2147483647;
			files = (
				5B900D861C273B1F003EB582 /* PlutoTests.swift in Sources */,
			);
			runOnlyForDeploymentPostprocessing = 0;
		};
		5B900D881C273B1F003EB582 /* Sources */ = {
			isa = PBXSourcesBuildPhase;
			buildActionMask = 2147483647;
			files = (
				5B900D911C273B1F003EB582 /* PlutoUITests.swift in Sources */,
			);
			runOnlyForDeploymentPostprocessing = 0;
		};
/* End PBXSourcesBuildPhase section */

/* Begin PBXTargetDependency section */
		5B900D831C273B1F003EB582 /* PBXTargetDependency */ = {
			isa = PBXTargetDependency;
			target = 5B900D6C1C273B1F003EB582 /* Pluto */;
			targetProxy = 5B900D821C273B1F003EB582 /* PBXContainerItemProxy */;
		};
		5B900D8E1C273B1F003EB582 /* PBXTargetDependency */ = {
			isa = PBXTargetDependency;
			target = 5B900D6C1C273B1F003EB582 /* Pluto */;
			targetProxy = 5B900D8D1C273B1F003EB582 /* PBXContainerItemProxy */;
		};
/* End PBXTargetDependency section */

/* Begin PBXVariantGroup section */
		5B900D741C273B1F003EB582 /* Main.storyboard */ = {
			isa = PBXVariantGroup;
			children = (
				5B900D751C273B1F003EB582 /* Base */,
			);
			name = Main.storyboard;
			sourceTree = "<group>";
		};
		5B900D791C273B1F003EB582 /* LaunchScreen.storyboard */ = {
			isa = PBXVariantGroup;
			children = (
				5B900D7A1C273B1F003EB582 /* Base */,
			);
			name = LaunchScreen.storyboard;
			sourceTree = "<group>";
		};
/* End PBXVariantGroup section */

/* Begin XCBuildConfiguration section */
		5B900D931C273B1F003EB582 /* Debug */ = {
			isa = XCBuildConfiguration;
			buildSettings = {
				ALWAYS_SEARCH_USER_PATHS = NO;
				CLANG_CXX_LANGUAGE_STANDARD = "gnu++0x";
				CLANG_CXX_LIBRARY = "libc++";
				CLANG_ENABLE_MODULES = YES;
				CLANG_ENABLE_OBJC_ARC = YES;
				CLANG_WARN_BOOL_CONVERSION = YES;
				CLANG_WARN_CONSTANT_CONVERSION = YES;
				CLANG_WARN_DIRECT_OBJC_ISA_USAGE = YES_ERROR;
				CLANG_WARN_EMPTY_BODY = YES;
				CLANG_WARN_ENUM_CONVERSION = YES;
				CLANG_WARN_INT_CONVERSION = YES;
				CLANG_WARN_OBJC_ROOT_CLASS = YES_ERROR;
				CLANG_WARN_UNREACHABLE_CODE = YES;
				CLANG_WARN__DUPLICATE_METHOD_MATCH = YES;
				"CODE_SIGN_IDENTITY[sdk=iphoneos*]" = "iPhone Developer";
				COPY_PHASE_STRIP = NO;
				DEBUG_INFORMATION_FORMAT = dwarf;
				ENABLE_STRICT_OBJC_MSGSEND = YES;
				ENABLE_TESTABILITY = YES;
				GCC_C_LANGUAGE_STANDARD = gnu99;
				GCC_DYNAMIC_NO_PIC = NO;
				GCC_NO_COMMON_BLOCKS = YES;
				GCC_OPTIMIZATION_LEVEL = 0;
				GCC_PREPROCESSOR_DEFINITIONS = (
					"DEBUG=1",
					"$(inherited)",
				);
				GCC_WARN_64_TO_32_BIT_CONVERSION = YES;
				GCC_WARN_ABOUT_RETURN_TYPE = YES_ERROR;
				GCC_WARN_UNDECLARED_SELECTOR = YES;
				GCC_WARN_UNINITIALIZED_AUTOS = YES_AGGRESSIVE;
				GCC_WARN_UNUSED_FUNCTION = YES;
				GCC_WARN_UNUSED_VARIABLE = YES;
				IPHONEOS_DEPLOYMENT_TARGET = 9.1;
				MTL_ENABLE_DEBUG_INFO = YES;
				ONLY_ACTIVE_ARCH = YES;
				SDKROOT = iphoneos;
				SWIFT_OPTIMIZATION_LEVEL = "-Onone";
			};
			name = Debug;
		};
		5B900D941C273B1F003EB582 /* Release */ = {
			isa = XCBuildConfiguration;
			buildSettings = {
				ALWAYS_SEARCH_USER_PATHS = NO;
				CLANG_CXX_LANGUAGE_STANDARD = "gnu++0x";
				CLANG_CXX_LIBRARY = "libc++";
				CLANG_ENABLE_MODULES = YES;
				CLANG_ENABLE_OBJC_ARC = YES;
				CLANG_WARN_BOOL_CONVERSION = YES;
				CLANG_WARN_CONSTANT_CONVERSION = YES;
				CLANG_WARN_DIRECT_OBJC_ISA_USAGE = YES_ERROR;
				CLANG_WARN_EMPTY_BODY = YES;
				CLANG_WARN_ENUM_CONVERSION = YES;
				CLANG_WARN_INT_CONVERSION = YES;
				CLANG_WARN_OBJC_ROOT_CLASS = YES_ERROR;
				CLANG_WARN_UNREACHABLE_CODE = YES;
				CLANG_WARN__DUPLICATE_METHOD_MATCH = YES;
				"CODE_SIGN_IDENTITY[sdk=iphoneos*]" = "iPhone Developer";
				COPY_PHASE_STRIP = NO;
				DEBUG_INFORMATION_FORMAT = "dwarf-with-dsym";
				ENABLE_NS_ASSERTIONS = NO;
				ENABLE_STRICT_OBJC_MSGSEND = YES;
				GCC_C_LANGUAGE_STANDARD = gnu99;
				GCC_NO_COMMON_BLOCKS = YES;
				GCC_WARN_64_TO_32_BIT_CONVERSION = YES;
				GCC_WARN_ABOUT_RETURN_TYPE = YES_ERROR;
				GCC_WARN_UNDECLARED_SELECTOR = YES;
				GCC_WARN_UNINITIALIZED_AUTOS = YES_AGGRESSIVE;
				GCC_WARN_UNUSED_FUNCTION = YES;
				GCC_WARN_UNUSED_VARIABLE = YES;
				IPHONEOS_DEPLOYMENT_TARGET = 9.1;
				MTL_ENABLE_DEBUG_INFO = NO;
				SDKROOT = iphoneos;
				VALIDATE_PRODUCT = YES;
			};
			name = Release;
		};
		5B900D961C273B1F003EB582 /* Debug */ = {
			isa = XCBuildConfiguration;
			baseConfigurationReference = 4FB7BB7DE1A3A02F6A168985 /* Pods-Pluto.debug.xcconfig */;
			buildSettings = {
				ASSETCATALOG_COMPILER_APPICON_NAME = AppIcon;
				CLANG_ENABLE_MODULES = YES;
				CODE_SIGN_IDENTITY = "iPhone Developer";
				INFOPLIST_FILE = Pluto/Info.plist;
				LD_RUNPATH_SEARCH_PATHS = "$(inherited) @executable_path/Frameworks";
				PRODUCT_BUNDLE_IDENTIFIER = edu.gvsu.Pluto;
				PRODUCT_NAME = "$(TARGET_NAME)";
				SWIFT_OBJC_BRIDGING_HEADER = "Pluto/Pluto-Bridging-Header.h";
				SWIFT_OPTIMIZATION_LEVEL = "-Onone";
			};
			name = Debug;
		};
		5B900D971C273B1F003EB582 /* Release */ = {
			isa = XCBuildConfiguration;
			baseConfigurationReference = 0150F97F62946A589B4EF427 /* Pods-Pluto.release.xcconfig */;
			buildSettings = {
				ASSETCATALOG_COMPILER_APPICON_NAME = AppIcon;
				CLANG_ENABLE_MODULES = YES;
				CODE_SIGN_IDENTITY = "iPhone Developer";
				INFOPLIST_FILE = Pluto/Info.plist;
				LD_RUNPATH_SEARCH_PATHS = "$(inherited) @executable_path/Frameworks";
				PRODUCT_BUNDLE_IDENTIFIER = edu.gvsu.Pluto;
				PRODUCT_NAME = "$(TARGET_NAME)";
				SWIFT_OBJC_BRIDGING_HEADER = "Pluto/Pluto-Bridging-Header.h";
			};
			name = Release;
		};
		5B900D991C273B1F003EB582 /* Debug */ = {
			isa = XCBuildConfiguration;
			buildSettings = {
				BUNDLE_LOADER = "$(TEST_HOST)";
				INFOPLIST_FILE = PlutoTests/Info.plist;
				LD_RUNPATH_SEARCH_PATHS = "$(inherited) @executable_path/Frameworks @loader_path/Frameworks";
				PRODUCT_BUNDLE_IDENTIFIER = edu.gvsu.PlutoTests;
				PRODUCT_NAME = "$(TARGET_NAME)";
				TEST_HOST = "$(BUILT_PRODUCTS_DIR)/Pluto.app/Pluto";
			};
			name = Debug;
		};
		5B900D9A1C273B1F003EB582 /* Release */ = {
			isa = XCBuildConfiguration;
			buildSettings = {
				BUNDLE_LOADER = "$(TEST_HOST)";
				INFOPLIST_FILE = PlutoTests/Info.plist;
				LD_RUNPATH_SEARCH_PATHS = "$(inherited) @executable_path/Frameworks @loader_path/Frameworks";
				PRODUCT_BUNDLE_IDENTIFIER = edu.gvsu.PlutoTests;
				PRODUCT_NAME = "$(TARGET_NAME)";
				TEST_HOST = "$(BUILT_PRODUCTS_DIR)/Pluto.app/Pluto";
			};
			name = Release;
		};
		5B900D9C1C273B1F003EB582 /* Debug */ = {
			isa = XCBuildConfiguration;
			buildSettings = {
				INFOPLIST_FILE = PlutoUITests/Info.plist;
				LD_RUNPATH_SEARCH_PATHS = "$(inherited) @executable_path/Frameworks @loader_path/Frameworks";
				PRODUCT_BUNDLE_IDENTIFIER = edu.gvsu.PlutoUITests;
				PRODUCT_NAME = "$(TARGET_NAME)";
				TEST_TARGET_NAME = Pluto;
				USES_XCTRUNNER = YES;
			};
			name = Debug;
		};
		5B900D9D1C273B1F003EB582 /* Release */ = {
			isa = XCBuildConfiguration;
			buildSettings = {
				INFOPLIST_FILE = PlutoUITests/Info.plist;
				LD_RUNPATH_SEARCH_PATHS = "$(inherited) @executable_path/Frameworks @loader_path/Frameworks";
				PRODUCT_BUNDLE_IDENTIFIER = edu.gvsu.PlutoUITests;
				PRODUCT_NAME = "$(TARGET_NAME)";
				TEST_TARGET_NAME = Pluto;
				USES_XCTRUNNER = YES;
			};
			name = Release;
		};
/* End XCBuildConfiguration section */

/* Begin XCConfigurationList section */
		5B900D681C273B1F003EB582 /* Build configuration list for PBXProject "Pluto" */ = {
			isa = XCConfigurationList;
			buildConfigurations = (
				5B900D931C273B1F003EB582 /* Debug */,
				5B900D941C273B1F003EB582 /* Release */,
			);
			defaultConfigurationIsVisible = 0;
			defaultConfigurationName = Release;
		};
		5B900D951C273B1F003EB582 /* Build configuration list for PBXNativeTarget "Pluto" */ = {
			isa = XCConfigurationList;
			buildConfigurations = (
				5B900D961C273B1F003EB582 /* Debug */,
				5B900D971C273B1F003EB582 /* Release */,
			);
			defaultConfigurationIsVisible = 0;
			defaultConfigurationName = Release;
		};
		5B900D981C273B1F003EB582 /* Build configuration list for PBXNativeTarget "PlutoTests" */ = {
			isa = XCConfigurationList;
			buildConfigurations = (
				5B900D991C273B1F003EB582 /* Debug */,
				5B900D9A1C273B1F003EB582 /* Release */,
			);
			defaultConfigurationIsVisible = 0;
			defaultConfigurationName = Release;
		};
		5B900D9B1C273B1F003EB582 /* Build configuration list for PBXNativeTarget "PlutoUITests" */ = {
			isa = XCConfigurationList;
			buildConfigurations = (
				5B900D9C1C273B1F003EB582 /* Debug */,
				5B900D9D1C273B1F003EB582 /* Release */,
			);
			defaultConfigurationIsVisible = 0;
			defaultConfigurationName = Release;
		};
/* End XCConfigurationList section */
	};
	rootObject = 5B900D651C273B1F003EB582 /* Project object */;
}
